github.com/aws/aws-sdk-go-v2 v1.40.1 h1:difXb4maDZkRH0x//Qkwcfpdg1XQVXEAEs2DdXldFFc=
github.com/aws/aws-sdk-go-v2 v1.40.1/go.mod h1:MayyLB8y+buD9hZqkCW3kX1AKq07Y5pXxtgB+rRFhz0=
github.com/aws/aws-sdk-go-v2/aws/protocol/eventstream v1.7.4 h1:489krEF9xIGkOaaX3CE/Be2uWjiXrkCH6gUX+bZA/BU=
github.com/aws/aws-sdk-go-v2/aws/protocol/eventstream v1.7.4/go.mod h1:IOAPF6oT9KCsceNTvvYMNHy0+kMF8akOjeDvPENWxp4=
github.com/aws/aws-sdk-go-v2/config v1.32.3 h1:cpz7H2uMNTDa0h/5CYL5dLUEzPSLo2g0NkbxTRJtSSU=
github.com/aws/aws-sdk-go-v2/config v1.32.3/go.mod h1:srtPKaJJe3McW6T/+GMBZyIPc+SeqJsNPJsd4mOYZ6s=
github.com/aws/aws-sdk-go-v2/credentials v1.19.3 h1:01Ym72hK43hjwDeJUfi1l2oYLXBAOR8gNSZNmXmvuas=
github.com/aws/aws-sdk-go-v2/credentials v1.19.3/go.mod h1:55nWF/Sr9Zvls0bGnWkRxUdhzKqj9uRNlPvgV1vgxKc=
github.com/aws/aws-sdk-go-v2/feature/ec2/imds v1.18.15 h1:utxLraaifrSBkeyII9mIbVwXXWrZdlPO7FIKmyLCEcY=
github.com/aws/aws-sdk-go-v2/feature/ec2/imds v1.18.15/go.mod h1:hW6zjYUDQwfz3icf4g2O41PHi77u10oAzJ84iSzR/lo=
github.com/aws/aws-sdk-go-v2/internal/configsources v1.4.15 h1:Y5YXgygXwDI5P4RkteB5yF7v35neH7LfJKBG+hzIons=
github.com/aws/aws-sdk-go-v2/internal/configsources v1.4.15/go.mod h1:K+/1EpG42dFSY7CBj+Fruzm8PsCGWTXJ3jdeJ659oGQ=
github.com/aws/aws-sdk-go-v2/internal/endpoints/v2 v2.7.15 h1:AvltKnW9ewxX2hFmQS0FyJH93aSvJVUEFvXfU+HWtSE=
github.com/aws/aws-sdk-go-v2/internal/endpoints/v2 v2.7.15/go.mod h1:3I4oCdZdmgrREhU74qS1dK9yZ62yumob+58AbFR4cQA=
github.com/aws/aws-sdk-go-v2/internal/ini v1.8.4 h1:WKuaxf++XKWlHWu9ECbMlha8WOEGm0OUEZqm4K/Gcfk=
github.com/aws/aws-sdk-go-v2/internal/ini v1.8.4/go.mod h1:ZWy7j6v1vWGmPReu0iSGvRiise4YI5SkR3OHKTZ6Wuc=
github.com/aws/aws-sdk-go-v2/internal/v4a v1.4.15 h1:NLYTEyZmVZo0Qh183sC8nC+ydJXOOeIL/qI/sS3PdLY=
github.com/aws/aws-sdk-go-v2/internal/v4a v1.4.15/go.mod h1:Z803iB3B0bc8oJV8zH2PERLRfQUJ2n2BXISpsA4+O1M=
github.com/aws/aws-sdk-go-v2/service/internal/accept-encoding v1.13.4 h1:0ryTNEdJbzUCEWkVXEXoqlXV72J5keC1GvILMOuD00E=
github.com/aws/aws-sdk-go-v2/service/internal/accept-encoding v1.13.4/go.mod h1:HQ4qwNZh32C3CBeO6iJLQlgtMzqeG17ziAA/3KDJFow=
github.com/aws/aws-sdk-go-v2/service/internal/checksum v1.9.6 h1:P1MU/SuhadGvg2jtviDXPEejU3jBNhoeeAlRadHzvHI=
github.com/aws/aws-sdk-go-v2/service/internal/checksum v1.9.6/go.mod h1:5KYaMG6wmVKMFBSfWoyG/zH8pWwzQFnKgpoSRlXHKdQ=
github.com/aws/aws-sdk-go-v2/service/internal/presigned-url v1.13.15 h1:3/u/4yZOffg5jdNk1sDpOQ4Y+R6Xbh+GzpDrSZjuy3U=
github.com/aws/aws-sdk-go-v2/service/internal/presigned-url v1.13.15/go.mod h1:4Zkjq0FKjE78NKjabuM4tRXKFzUJWXgP0ItEZK8l7JU=
github.com/aws/aws-sdk-go-v2/service/internal/s3shared v1.19.15 h1:wsSQ4SVz5YE1crz0Ap7VBZrV4nNqZt4CIBBT8mnwoNc=
github.com/aws/aws-sdk-go-v2/service/internal/s3shared v1.19.15/go.mod h1:I7sditnFGtYMIqPRU1QoHZAUrXkGp4SczmlLwrNPlD0=
github.com/aws/aws-sdk-go-v2/service/s3 v1.93.0 h1:IrbE3B8O9pm3lsg96AXIN5MXX4pECEuExh/A0Du3AuI=
github.com/aws/aws-sdk-go-v2/service/s3 v1.93.0/go.mod h1:/sJLzHtiiZvs6C1RbxS/anSAFwZD6oC6M/kotQzOiLw=
github.com/aws/aws-sdk-go-v2/service/signin v1.0.3 h1:d/6xOGIllc/XW1lzG9a4AUBMmpLA9PXcQnVPTuHHcik=
github.com/aws/aws-sdk-go-v2/service/signin v1.0.3/go.mod h1:fQ7E7Qj9GiW8y0ClD7cUJk3Bz5Iw8wZkWDHsTe8vDKs=
github.com/aws/aws-sdk-go-v2/service/sso v1.30.6 h1:8sTTiw+9yuNXcfWeqKF2x01GqCF49CpP4Z9nKrrk/ts=
github.com/aws/aws-sdk-go-v2/service/sso v1.30.6/go.mod h1:8WYg+Y40Sn3X2hioaaWAAIngndR8n1XFdRPPX+7QBaM=
github.com/aws/aws-sdk-go-v2/service/ssooidc v1.35.11 h1:E+KqWoVsSrj1tJ6I/fjDIu5xoS2Zacuu1zT+H7KtiIk=
github.com/aws/aws-sdk-go-v2/service/ssooidc v1.35.11/go.mod h1:qyWHz+4lvkXcr3+PoGlGHEI+3DLLiU6/GdrFfMaAhB0=
github.com/aws/aws-sdk-go-v2/service/sts v1.41.3 h1:tzMkjh0yTChUqJDgGkcDdxvZDSrJ/WB6R6ymI5ehqJI=
github.com/aws/aws-sdk-go-v2/service/sts v1.41.3/go.mod h1:T270C0R5sZNLbWUe8ueiAF42XSZxxPocTaGSgs5c/60=
github.com/aws/smithy-go v1.24.0 h1:LpilSUItNPFr1eY85RYgTIg5eIEPtvFbskaFcmmIUnk=
github.com/aws/smithy-go v1.24.0/go.mod h1:LEj2LM3rBRQJxPZTB4KuzZkaZYnZPnvgIhb4pu07mx0=
github.com/cloudflare/cloudflare-go v0.86.0 h1:jEKN5VHNYNYtfDL2lUFLTRo+nOVNPFxpXTstVx0rqHI=
github.com/cloudflare/cloudflare-go v0.86.0/go.mod h1:wYW/5UP02TUfBToa/yKbQHV+r6h1NnJ1Je7XjuGM4Jw=
github.com/cpuguy83/go-md2man/v2 v2.0.3/go.mod h1:tgQtvFlXSQOSOSIRvRPT7W67SCa46tRHOmNcaadrF8o=
github.com/davecgh/go-spew v1.1.0/go.mod h1:J7Y8YcW2NihsgmVo/mv3lAwl/skON4iLHjSsI+c5H38=
github.com/davecgh/go-spew v1.1.1 h1:vj9j/u1bqnvCEfJOwUhtlOARqs3+rkHYY13jYWTU97c=
github.com/davecgh/go-spew v1.1.1/go.mod h1:J7Y8YcW2NihsgmVo/mv3lAwl/skON4iLHjSsI+c5H38=
github.com/fatih/color v1.13.0 h1:8LOYc1KYPPmyKMuN8QV2DNRWNbLo6LZ0iLs8+mlH53w=
github.com/fatih/color v1.13.0/go.mod h1:kLAiJbzzSOZDVNGyDpeOxJ47H46qBXwg5ILebYFFOfk=
github.com/go-ping/ping v1.2.0 h1:vsJ8slZBZAXNCK4dPcI2PEE9eM9n9RbXbGouVQ/Y4yQ=
github.com/go-ping/ping v1.2.0/go.mod h1:xIFjORFzTxqIV/tDVGO4eDy/bLuSyawEeojSm3GfRGk=
github.com/goccy/go-json v0.10.2 h1:CrxCmQqYDkv1z7lO7Wbh2HN93uovUHgrECaO5ZrCXAU=
github.com/goccy/go-json v0.10.2/go.mod h1:6MelG93GURQebXPDq3khkgXZkazVtN9CRI+MGFi0w8I=
github.com/google/go-cmp v0.5.2/go.mod h1:v8dTdLbMG2kIc/vJvl+f65V22dbkXbowE6jgT/gNBxE=
github.com/google/go-cmp v0.6.0 h1:ofyhxvXcZhMsU5ulbFiLKl/XBFqE1GSq7atu8tAmTRI=
github.com/google/go-cmp v0.6.0/go.mod h1:17dUlkBOakJ0+DkrSSNjCkIjxS6bF9zb3elmeNGIjoY=
github.com/google/go-querystring v1.1.0 h1:AnCroh3fv4ZBgVIf1Iwtovgjaw/GiKJo8M8yD/fhyJ8=
github.com/google/go-querystring v1.1.0/go.mod h1:Kcdr2DB4koayq7X8pmAG4sNG59So17icRSOU623lUBU=
github.com/google/uuid v1.2.0/go.mod h1:TIyPZe4MgqvfeYDBFedMoGGpEw/LqOeaOT+nhxU+yHo=
github.com/google/uuid v1.6.0 h1:NIvaJDMOsjHA8n1jAhLSgzrAzy1Hgr+hNrb57e+94F0=
github.com/google/uuid v1.6.0/go.mod h1:TIyPZe4MgqvfeYDBFedMoGGpEw/LqOeaOT+nhxU+yHo=
github.com/hashicorp/go-cleanhttp v0.5.2 h1:035FKYIWjmULyFRBKPs8TBQoi0x6d9G4xc9neXJWAZQ=
github.com/hashicorp/go-cleanhttp v0.5.2/go.mod h1:kO/YDlP8L1346E6Sodw+PrpBSV4/SoxCXGY6BqNFT48=
github.com/hashicorp/go-hclog v0.9.2/go.mod h1:5CU+agLiy3J7N7QjHK5d05KxGsuXiQLrjA0H7acj2lQ=
github.com/hashicorp/go-hclog v1.2.0 h1:La19f8d7WIlm4ogzNHB0JGqs5AUDAZ2UfCY4sJXcJdM=
github.com/hashicorp/go-hclog v1.2.0/go.mod h1:whpDNt7SSdeAju8AWKIWsul05p54N/39EeqMAyrmvFQ=
github.com/hashicorp/go-retryablehttp v0.7.5 h1:bJj+Pj19UZMIweq/iie+1u5YCdGrnxCT9yvm0e+Nd5M=
github.com/hashicorp/go-retryablehttp v0.7.5/go.mod h1:Jy/gPYAdjqffZ/yFGCFV2doI5wjtH1ewM9u8iYVjtX8=
github.com/inconshreveable/mousetrap v1.1.0 h1:wN+x4NVGpMsO7ErUn/mUI3vEoE6Jt13X2s0bqwp9tc8=
github.com/inconshreveable/mousetrap v1.1.0/go.mod h1:vpF70FUmC8bwa3OWnCshd2FqLfsEA9PFc4w1p2J65bw=
github.com/joho/godotenv v1.5.1 h1:7eLL/+HRGLY0ldzfGMeQkb7vMd0as4CfYvUVzLqw0N0=
github.com/joho/godotenv v1.5.1/go.mod h1:f4LDr5Voq0i2e/R5DDNOoa2zzDfwtkZa6DnEwAbqwq4=
github.com/mattn/go-colorable v0.1.12 h1:jF+Du6AlPIjs2BiUiQlKOX0rt3SujHxPnksPKZbaA40=
github.com/mattn/go-colorable v0.1.12/go.mod h1:u5H1YNBxpqRaxsYJYSkiCWKzEfiAb1Gb520KVy5xxl4=
github.com/mattn/go-isatty v0.0.20 h1:xfD0iDuEKnDkl03q4limB+vH+GxLEtL/jb4xVJSWWEY=
github.com/mattn/go-isatty v0.0.20/go.mod h1:W+V8PltTTMOvKvAeJH7IuucS94S2C6jfK/D7dTCTo3Y=
github.com/pmezard/go-difflib v1.0.0 h1:4DBwDE0NGyQoBHbLQYPwSUPoCMWR5BEzIk/f1lZbAQM=
github.com/pmezard/go-difflib v1.0.0/go.mod h1:iKH77koFhYxTK1pcRnkKkqfTogsbg7gZNVY4sRDYZ/4=
github.com/russross/blackfriday/v2 v2.1.0/go.mod h1:+Rmxgy9KzJVeS9/2gXHxylqXiyQDYRxCVz55jmeOWTM=
github.com/sirupsen/logrus v1.9.3 h1:dueUQJ1C2q9oE3F7wvmSGAaVtTmUizReu6fjN8uqzbQ=
github.com/sirupsen/logrus v1.9.3/go.mod h1:naHLuLoDiP4jHNo9R0sCBMtWGeIprob74mVsIT4qYEQ=
github.com/spf13/cobra v1.8.0 h1:7aJaZx1B85qltLMc546zn58BxxfZdR/W22ej9CFoEf0=
github.com/spf13/cobra v1.8.0/go.mod h1:WXLWApfZ71AjXPya3WOlMsY9yMs7YeiHhFVlvLyhcho=
github.com/spf13/pflag v1.0.5 h1:iy+VFUOCP1a+8yFto/drg2CJ5u0yRoB7fZw3DKv/JXA=
github.com/spf13/pflag v1.0.5/go.mod h1:McXfInJRrz4CZXVZOBLb0bTZqETkiAhM9Iw0y3An2Bg=
github.com/stretchr/objx v0.1.0/go.mod h1:HFkY916IF+rwdDfMAkV7OtwuqBVzrE8GR6GFx+wExME=
github.com/stretchr/testify v1.2.2/go.mod h1:a8OnRcib4nhh0OaRAV+Yts87kKdq0PP7pXfy6kDkUVs=
github.com/stretchr/testify v1.7.0/go.mod h1:6Fq8oRcR53rry900zMqJjRRixrwX3KX962/h/Wwjteg=
github.com/stretchr/testify v1.8.4 h1:CcVxjf3Q8PM0mHUKJCdn+eZZtm5yQwehR5yeSVQQcUk=
github.com/stretchr/testify v1.8.4/go.mod h1:sz/lmYIOXD/1dqDmKjjqLyZ2RngseejIcXlSw2iwfAo=
golang.org/x/net v0.0.0-20210316092652-d523dce5a7f4/go.mod h1:RBQZq4jEuRlivfhVLdyRGr576XBO4/greRjx4P4O3yc=
golang.org/x/net v0.20.0 h1:aCL9BSgETF1k+blQaYUBx9hJ9LOGP3gAVemcZlf1Kpo=
golang.org/x/net v0.20.0/go.mod h1:z8BVo6PvndSri0LbOE3hAn0apkU+1YvI6E70E9jsnvY=
golang.org/x/sync v0.0.0-20210220032951-036812b2e83c/go.mod h1:RxMgew5VJxzue5/jJTE5uejpjVlOe/izrB70Jof72aM=
golang.org/x/sync v0.16.0 h1:ycBJEhp9p4vXvUZNszeOq0kGTPghopOL8q0fq3vstxw=
golang.org/x/sync v0.16.0/go.mod h1:1dzgHSNfp02xaA81J2MS99Qcpr2w7fw1gpm99rleRqA=
golang.org/x/sys v0.0.0-20201119102817-f84b799fce68/go.mod h1:h1NjWce9XRLGQEsW7wpKNCjG9DtNlClVuFLEZdDNbEs=
golang.org/x/sys v0.0.0-20210315160823-c6e025ad8005/go.mod h1:h1NjWce9XRLGQEsW7wpKNCjG9DtNlClVuFLEZdDNbEs=
golang.org/x/sys v0.0.0-20220715151400-c0bba94af5f8/go.mod h1:oPkhp1MJrh7nUepCBck5+mAzfO9JrbApNNgaTdGDITg=
golang.org/x/sys v0.6.0/go.mod h1:oPkhp1MJrh7nUepCBck5+mAzfO9JrbApNNgaTdGDITg=
golang.org/x/sys v0.36.0 h1:KVRy2GtZBrk1cBYA7MKu5bEZFxQk4NIDV6RLVcC8o0k=
golang.org/x/sys v0.36.0/go.mod h1:OgkHotnGiDImocRcuBABYBEXf8A9a87e/uXjp9XT3ks=
golang.org/x/term v0.0.0-20201126162022-7de9c90e9dd1/go.mod h1:bj7SfCRtBDWHUb9snDiAeCFNEtKQo2Wmx5Cou7ajbmo=
golang.org/x/text v0.3.3/go.mod h1:5Zoc/QRtKVWzQhOtBMvqHzDpF6irO9z98xDceosuGiQ=
golang.org/x/text v0.14.0 h1:ScX5w1eTa3QqT8oi6+ziP7dTV1S2+ALU0bI+0zXKWiQ=
golang.org/x/text v0.14.0/go.mod h1:18ZOQIKpY8NJVqYksKHtTdi31H5itFRjB5/qKTNYzSU=
golang.org/x/time v0.5.0 h1:o7cqy6amK/52YcAKIPlM3a+Fpj35zvRj2TP+e1xFSfk=
golang.org/x/time v0.5.0/go.mod h1:3BpzKBy/shNhVucY/MWOyx10tF3SFh9QdLuxbVysPQM=
golang.org/x/tools v0.0.0-20180917221912-90fa682c2a6e/go.mod h1:n7NCudcB/nEzxVGmLbDWY5pfWTLqBcC2KZ6jyYvM4mQ=
golang.org/x/xerrors v0.0.0-20191204190536-9bdfabe68543/go.mod h1:I/5z698sn9Ka8TeJc9MKroUUfqBBauWjQqLJ2OPfmY0=
gopkg.in/check.v1 v0.0.0-20161208181325-20d25e280405/go.mod h1:Co6ibVJAznAaIkqp8huTwlJQCZ016jof/cbN4VW5Yz0=
gopkg.in/natefinch/lumberjack.v2 v2.2.1 h1:bBRl1b0OH9s/DuPhuXpNl+VtCaJXFZ5/uEFST95x9zc=
gopkg.in/natefinch/lumberjack.v2 v2.2.1/go.mod h1:YD8tP3GAjkrDg1eZH7EGmyESg/lsYskCTPBJVb9jqSc=
gopkg.in/yaml.v3 v3.0.0-20200313102051-9f266ea9e77c/go.mod h1:K4uyk7z7BCEPqu6E+C64Yfv1cQ7kz7rIZviUmN+EgEM=
gopkg.in/yaml.v3 v3.0.1 h1:fxVm/GzAzEWqLHuvctI91KS9hhNmmWOoWu0XTYJS7CA=
gopkg.in/yaml.v3 v3.0.1/go.mod h1:K4uyk7z7BCEPqu6E+C64Yfv1cQ7kz7rIZviUmN+EgEM=
